{
  "name": "mvc_datatables",
  "version": "1.0.0",
  "lockfileVersion": 1,
  "requires": true,
  "dependencies": {
    "@types/datatables.net": {
      "version": "1.10.13",
      "resolved": "https://registry.npmjs.org/@types/datatables.net/-/datatables.net-1.10.13.tgz",
      "integrity": "sha512-0HFciKksfrrS3KYzqot2EZkZd2pADKN6ek92BqUZ46b1HdwPp8TV3s8mSpqRVGQofPr/iZBW0aS6cKG6oaa0MQ==",
      "dev": true,
      "requires": {
        "@types/jquery": "*"
      }
    },
    "@types/datatables.net-buttons": {
      "version": "1.4.2",
      "resolved": "https://registry.npmjs.org/@types/datatables.net-buttons/-/datatables.net-buttons-1.4.2.tgz",
      "integrity": "sha512-+plsM/PDOGEJNrStWun1wfuzOniYqVRgmeNIDoUynYahSPSlKujf9/iK6wy8k3/yBUu7RFr2GWArowjRnKLjNg==",
      "dev": true,
      "requires": {
        "@types/datatables.net": "*",
        "@types/jquery": "*"
      }
    },
    "@types/jquery": {
      "version": "3.3.25",
      "resolved": "https://registry.npmjs.org/@types/jquery/-/jquery-3.3.25.tgz",
      "integrity": "sha512-Xxfv7dDRtylyuOpDUODi7bWEmoslhUVZqeA/8R52rysEgMdU6y2CkjiiW0/wyccSBQ0jdZyLoal8M7BFlGNgWg==",
      "dev": true,
      "requires": {
        "@types/sizzle": "*"
      }
    },
    "@types/jquery-validation-unobtrusive": {
      "version": "3.2.32",
      "resolved": "https://registry.npmjs.org/@types/jquery-validation-unobtrusive/-/jquery-validation-unobtrusive-3.2.32.tgz",
      "integrity": "sha512-RdGqqH2eheWG8laRwUb/rESNdELWV0wV2AVBkOn1pKI158UEvxOJObQjcJf8F4AMx61H/Dl4YApFO3hBzLKZvQ==",
      "dev": true,
      "requires": {
        "@types/jquery.validation": "*"
      }
    },
    "@types/jquery.validation": {
      "version": "1.16.6",
      "resolved": "https://registry.npmjs.org/@types/jquery.validation/-/jquery.validation-1.16.6.tgz",
      "integrity": "sha512-RA2bYZELFFmA17mxarjKdCtsn8EH0dOKgj7tpJmeLREkMaOj4H1PbD3UIBuAGQ3Yn8o5748l5IWUmWoAoRYgIw==",
      "dev": true,
      "requires": {
        "@types/jquery": "*"
      }
    },
    "@types/sizzle": {
      "version": "2.3.2",
      "resolved": "https://registry.npmjs.org/@types/sizzle/-/sizzle-2.3.2.tgz",
      "integrity": "sha512-7EJYyKTL7tFR8+gDbB6Wwz/arpGa0Mywk1TJbNzKzHtzbwVmY4HR9WqS5VV7dsBUKQmPNr192jHr/VpBluj/hg==",
      "dev": true
    }
  }
}
