
Microsoft Visual Studio Solution File, Format Version 12.00
# Visual Studio Version 16
VisualStudioVersion = 16.0.30611.23
MinimumVisualStudioVersion = 10.0.40219.1
Project("{FAE04EC0-301F-11D3-BF4B-00C04F79EFBC}") = "MVCDatatables.Web", "MVCDatatables.Web\MVCDatatables.Web.csproj", "{251B23D6-440A-467F-B0CF-F286E54AA772}"
EndProject
Project("{2150E333-8FDC-42A3-9474-1A3956D46DE8}") = "Presentation", "Presentation", "{9993D5DA-01C5-4BCC-8836-2CF944BA6D8B}"
EndProject
Project("{FAE04EC0-301F-11D3-BF4B-00C04F79EFBC}") = "MVCDatatables.Presentation.Models", "MVCDatatables.Presentation.Models\MVCDatatables.Presentation.Models.csproj", "{8488781E-E9BB-45B7-819C-ACE153C5821E}"
EndProject
Project("{2150E333-8FDC-42A3-9474-1A3956D46DE8}") = "Core", "Core", "{D7B20B42-571E-4373-A875-5F69EA2B3D5B}"
EndProject
Project("{FAE04EC0-301F-11D3-BF4B-00C04F79EFBC}") = "MVCDatatables.Models", "MVCDatatables.Models\MVCDatatables.Models.csproj", "{90E2ADDF-EB16-4C21-9885-C3D66A386A78}"
EndProject
Project("{2150E333-8FDC-42A3-9474-1A3956D46DE8}") = "Configuration", "Configuration", "{188A15E5-DF7F-4824-B66D-11FA66AD302E}"
EndProject
Project("{2150E333-8FDC-42A3-9474-1A3956D46DE8}") = "Services", "Services", "{269D186C-DE3A-43A3-A5C4-4E101BBD05D2}"
EndProject
Project("{FAE04EC0-301F-11D3-BF4B-00C04F79EFBC}") = "MVCDatatables.Services", "MVCDatatables.Services\MVCDatatables.Services.csproj", "{FAC273B8-445A-44E7-B055-C5556C9BA1EF}"
EndProject
Project("{FAE04EC0-301F-11D3-BF4B-00C04F79EFBC}") = "MVCDatatables.Services.Tests", "MVCDatatables.Services.Tests\MVCDatatables.Services.Tests.csproj", "{FEFE81FA-01E1-4EB1-B164-0321FBB72FE5}"
EndProject
Project("{FAE04EC0-301F-11D3-BF4B-00C04F79EFBC}") = "MVCDatatables.Core", "MVCDatatables.Core\MVCDatatables.Core.csproj", "{060AEB9B-0D7C-4733-9216-CF1AAD2FB605}"
EndProject
Project("{FAE04EC0-301F-11D3-BF4B-00C04F79EFBC}") = "MVCDatatables.Data", "MVCDatatables.Data\MVCDatatables.Data.csproj", "{90D10559-808D-4137-A094-1D962E91F3BA}"
EndProject
Project("{FAE04EC0-301F-11D3-BF4B-00C04F79EFBC}") = "MVCDatatables.DependencyResolution", "MVCDatatables.DependencyResolution\MVCDatatables.DependencyResolution.csproj", "{E2E50AD1-5EE6-4026-B851-91739DE43DCE}"
EndProject
Global
	GlobalSection(SolutionConfigurationPlatforms) = preSolution
		Debug|Any CPU = Debug|Any CPU
		Release|Any CPU = Release|Any CPU
	EndGlobalSection
	GlobalSection(ProjectConfigurationPlatforms) = postSolution
		{251B23D6-440A-467F-B0CF-F286E54AA772}.Debug|Any CPU.ActiveCfg = Debug|Any CPU
		{251B23D6-440A-467F-B0CF-F286E54AA772}.Debug|Any CPU.Build.0 = Debug|Any CPU
		{251B23D6-440A-467F-B0CF-F286E54AA772}.Release|Any CPU.ActiveCfg = Release|Any CPU
		{251B23D6-440A-467F-B0CF-F286E54AA772}.Release|Any CPU.Build.0 = Release|Any CPU
		{8488781E-E9BB-45B7-819C-ACE153C5821E}.Debug|Any CPU.ActiveCfg = Debug|Any CPU
		{8488781E-E9BB-45B7-819C-ACE153C5821E}.Debug|Any CPU.Build.0 = Debug|Any CPU
		{8488781E-E9BB-45B7-819C-ACE153C5821E}.Release|Any CPU.ActiveCfg = Release|Any CPU
		{8488781E-E9BB-45B7-819C-ACE153C5821E}.Release|Any CPU.Build.0 = Release|Any CPU
		{90E2ADDF-EB16-4C21-9885-C3D66A386A78}.Debug|Any CPU.ActiveCfg = Debug|Any CPU
		{90E2ADDF-EB16-4C21-9885-C3D66A386A78}.Debug|Any CPU.Build.0 = Debug|Any CPU
		{90E2ADDF-EB16-4C21-9885-C3D66A386A78}.Release|Any CPU.ActiveCfg = Release|Any CPU
		{90E2ADDF-EB16-4C21-9885-C3D66A386A78}.Release|Any CPU.Build.0 = Release|Any CPU
		{FAC273B8-445A-44E7-B055-C5556C9BA1EF}.Debug|Any CPU.ActiveCfg = Debug|Any CPU
		{FAC273B8-445A-44E7-B055-C5556C9BA1EF}.Debug|Any CPU.Build.0 = Debug|Any CPU
		{FAC273B8-445A-44E7-B055-C5556C9BA1EF}.Release|Any CPU.ActiveCfg = Release|Any CPU
		{FAC273B8-445A-44E7-B055-C5556C9BA1EF}.Release|Any CPU.Build.0 = Release|Any CPU
		{FEFE81FA-01E1-4EB1-B164-0321FBB72FE5}.Debug|Any CPU.ActiveCfg = Debug|Any CPU
		{FEFE81FA-01E1-4EB1-B164-0321FBB72FE5}.Debug|Any CPU.Build.0 = Debug|Any CPU
		{FEFE81FA-01E1-4EB1-B164-0321FBB72FE5}.Release|Any CPU.ActiveCfg = Release|Any CPU
		{FEFE81FA-01E1-4EB1-B164-0321FBB72FE5}.Release|Any CPU.Build.0 = Release|Any CPU
		{060AEB9B-0D7C-4733-9216-CF1AAD2FB605}.Debug|Any CPU.ActiveCfg = Debug|Any CPU
		{060AEB9B-0D7C-4733-9216-CF1AAD2FB605}.Debug|Any CPU.Build.0 = Debug|Any CPU
		{060AEB9B-0D7C-4733-9216-CF1AAD2FB605}.Release|Any CPU.ActiveCfg = Release|Any CPU
		{060AEB9B-0D7C-4733-9216-CF1AAD2FB605}.Release|Any CPU.Build.0 = Release|Any CPU
		{90D10559-808D-4137-A094-1D962E91F3BA}.Debug|Any CPU.ActiveCfg = Debug|Any CPU
		{90D10559-808D-4137-A094-1D962E91F3BA}.Debug|Any CPU.Build.0 = Debug|Any CPU
		{90D10559-808D-4137-A094-1D962E91F3BA}.Release|Any CPU.ActiveCfg = Release|Any CPU
		{90D10559-808D-4137-A094-1D962E91F3BA}.Release|Any CPU.Build.0 = Release|Any CPU
		{E2E50AD1-5EE6-4026-B851-91739DE43DCE}.Debug|Any CPU.ActiveCfg = Debug|Any CPU
		{E2E50AD1-5EE6-4026-B851-91739DE43DCE}.Debug|Any CPU.Build.0 = Debug|Any CPU
		{E2E50AD1-5EE6-4026-B851-91739DE43DCE}.Release|Any CPU.ActiveCfg = Release|Any CPU
		{E2E50AD1-5EE6-4026-B851-91739DE43DCE}.Release|Any CPU.Build.0 = Release|Any CPU
	EndGlobalSection
	GlobalSection(SolutionProperties) = preSolution
		HideSolutionNode = FALSE
	EndGlobalSection
	GlobalSection(NestedProjects) = preSolution
		{251B23D6-440A-467F-B0CF-F286E54AA772} = {9993D5DA-01C5-4BCC-8836-2CF944BA6D8B}
		{8488781E-E9BB-45B7-819C-ACE153C5821E} = {9993D5DA-01C5-4BCC-8836-2CF944BA6D8B}
		{90E2ADDF-EB16-4C21-9885-C3D66A386A78} = {D7B20B42-571E-4373-A875-5F69EA2B3D5B}
		{FAC273B8-445A-44E7-B055-C5556C9BA1EF} = {269D186C-DE3A-43A3-A5C4-4E101BBD05D2}
		{FEFE81FA-01E1-4EB1-B164-0321FBB72FE5} = {269D186C-DE3A-43A3-A5C4-4E101BBD05D2}
		{060AEB9B-0D7C-4733-9216-CF1AAD2FB605} = {D7B20B42-571E-4373-A875-5F69EA2B3D5B}
		{90D10559-808D-4137-A094-1D962E91F3BA} = {D7B20B42-571E-4373-A875-5F69EA2B3D5B}
		{E2E50AD1-5EE6-4026-B851-91739DE43DCE} = {188A15E5-DF7F-4824-B66D-11FA66AD302E}
	EndGlobalSection
	GlobalSection(ExtensibilityGlobals) = postSolution
		SolutionGuid = {892F7420-55FE-4FA5-9191-8C460BFED7D6}
	EndGlobalSection
EndGlobal
